
Microsoft Visual Studio Solution File, Format Version 12.00
# Visual Studio Version 17
VisualStudioVersion = 17.11.35222.181
MinimumVisualStudioVersion = 10.0.40219.1
Project("{FAE04EC0-301F-11D3-BF4B-00C04F79EFBC}") = "petle enum_konwersje", "petle enum_konwersje.csproj", "{56A3F49C-9CBF-4422-9641-6BC1282412C0}"
EndProject
Global
	GlobalSection(SolutionConfigurationPlatforms) = preSolution
		Debug|Any CPU = Debug|Any CPU
		Release|Any CPU = Release|Any CPU
	EndGlobalSection
	GlobalSection(ProjectConfigurationPlatforms) = postSolution
		{56A3F49C-9CBF-4422-9641-6BC1282412C0}.Debug|Any CPU.ActiveCfg = Debug|Any CPU
		{56A3F49C-9CBF-4422-9641-6BC1282412C0}.Debug|Any CPU.Build.0 = Debug|Any CPU
		{56A3F49C-9CBF-4422-9641-6BC1282412C0}.Release|Any CPU.ActiveCfg = Release|Any CPU
		{56A3F49C-9CBF-4422-9641-6BC1282412C0}.Release|Any CPU.Build.0 = Release|Any CPU
	EndGlobalSection
	GlobalSection(SolutionProperties) = preSolution
		HideSolutionNode = FALSE
	EndGlobalSection
	GlobalSection(ExtensibilityGlobals) = postSolution
		SolutionGuid = {3CD6D21A-4AC9-488B-9D65-B63AD2F56A06}
	EndGlobalSection
EndGlobal
